Microsoft Visual Studio Solution File, Format Version 12.00
# Visual Studio Version 17
VisualStudioVersion = 17.5.2.0
MinimumVisualStudioVersion = 10.0.40219.1
Project("{FAE04EC0-301F-11D3-BF4B-00C04F79EFBC}") = "Carteado", "Carteado\Carteado.csproj", "{62AC445C-A37C-7686-66A6-CB8857AAD844}"
EndProject
Global
	GlobalSection(SolutionConfigurationPlatforms) = preSolution
		Debug|Any CPU = Debug|Any CPU
		Release|Any CPU = Release|Any CPU
	EndGlobalSection
	GlobalSection(ProjectConfigurationPlatforms) = postSolution
		{62AC445C-A37C-7686-66A6-CB8857AAD844}.Debug|Any CPU.ActiveCfg = Debug|Any CPU
		{62AC445C-A37C-7686-66A6-CB8857AAD844}.Debug|Any CPU.Build.0 = Debug|Any CPU
		{62AC445C-A37C-7686-66A6-CB8857AAD844}.Release|Any CPU.ActiveCfg = Release|Any CPU
		{62AC445C-A37C-7686-66A6-CB8857AAD844}.Release|Any CPU.Build.0 = Release|Any CPU
	EndGlobalSection
	GlobalSection(SolutionProperties) = preSolution
		HideSolutionNode = FALSE
	EndGlobalSection
	GlobalSection(ExtensibilityGlobals) = postSolution
		SolutionGuid = {B8BDE976-B148-4589-A7A0-F740E2F5BF22}
	EndGlobalSection
EndGlobal
